
Microsoft Visual Studio Solution File, Format Version 12.00
# Visual Studio Version 17
VisualStudioVersion = 17.7.34031.279
MinimumVisualStudioVersion = 10.0.40219.1
Project("{888888A0-9F3D-457C-B088-3A5042F75D52}") = "Character_Creator", "Character_Creator\Character_Creator.pyproj", "{F20298B4-EC02-4101-858C-BB6EED824D38}"
EndProject
Global
	GlobalSection(SolutionConfigurationPlatforms) = preSolution
		Debug|Any CPU = Debug|Any CPU
		Release|Any CPU = Release|Any CPU
	EndGlobalSection
	GlobalSection(ProjectConfigurationPlatforms) = postSolution
		{F20298B4-EC02-4101-858C-BB6EED824D38}.Debug|Any CPU.ActiveCfg = Debug|Any CPU
		{F20298B4-EC02-4101-858C-BB6EED824D38}.Release|Any CPU.ActiveCfg = Release|Any CPU
	EndGlobalSection
	GlobalSection(SolutionProperties) = preSolution
		HideSolutionNode = FALSE
	EndGlobalSection
	GlobalSection(ExtensibilityGlobals) = postSolution
		SolutionGuid = {FDE8F245-0B69-4BF8-AE24-FE48452B3077}
	EndGlobalSection
EndGlobal
